
Microsoft Visual Studio Solution File, Format Version 12.00
# Visual Studio Version 16
VisualStudioVersion = 16.0.30330.147
MinimumVisualStudioVersion = 10.0.40219.1
Project("{FAE04EC0-301F-11D3-BF4B-00C04F79EFBC}") = "GCD0805", "GCD0805\GCD0805.csproj", "{B07D21A8-4EEF-43A6-9E39-A4FA03CF19B8}"
EndProject
Global
	GlobalSection(SolutionConfigurationPlatforms) = preSolution
		Debug|Any CPU = Debug|Any CPU
		Release|Any CPU = Release|Any CPU
	EndGlobalSection
	GlobalSection(ProjectConfigurationPlatforms) = postSolution
		{B07D21A8-4EEF-43A6-9E39-A4FA03CF19B8}.Debug|Any CPU.ActiveCfg = Debug|Any CPU
		{B07D21A8-4EEF-43A6-9E39-A4FA03CF19B8}.Debug|Any CPU.Build.0 = Debug|Any CPU
		{B07D21A8-4EEF-43A6-9E39-A4FA03CF19B8}.Release|Any CPU.ActiveCfg = Release|Any CPU
		{B07D21A8-4EEF-43A6-9E39-A4FA03CF19B8}.Release|Any CPU.Build.0 = Release|Any CPU
	EndGlobalSection
	GlobalSection(SolutionProperties) = preSolution
		HideSolutionNode = FALSE
	EndGlobalSection
	GlobalSection(ExtensibilityGlobals) = postSolution
		SolutionGuid = {AD6AFD53-A286-4B49-98F7-41C3CD2DA3A2}
	EndGlobalSection
EndGlobal
